// !$*UTF8*$!
{
	archiveVersion = 1;
	classes = {
	};
	objectVersion = 46;
	objects = {

/* Begin PBXBuildFile section */
		46F006421DAD6DF800732042 /* AppDelegate.swift in Sources */ = {isa = PBXBuildFile; fileRef = 46F006411DAD6DF800732042 /* AppDelegate.swift */; };
		46F006441DAD6DF800732042 /* ViewController.swift in Sources */ = {isa = PBXBuildFile; fileRef = 46F006431DAD6DF800732042 /* ViewController.swift */; };
		46F006471DAD6DF800732042 /* Main.storyboard in Resources */ = {isa = PBXBuildFile; fileRef = 46F006451DAD6DF800732042 /* Main.storyboard */; };
		46F006491DAD6DF800732042 /* Assets.xcassets in Resources */ = {isa = PBXBuildFile; fileRef = 46F006481DAD6DF800732042 /* Assets.xcassets */; };
		46F0064C1DAD6DF800732042 /* LaunchScreen.storyboard in Resources */ = {isa = PBXBuildFile; fileRef = 46F0064A1DAD6DF800732042 /* LaunchScreen.storyboard */; };
		46F006571DAD6DF800732042 /* LarsiAppTests.swift in Sources */ = {isa = PBXBuildFile; fileRef = 46F006561DAD6DF800732042 /* LarsiAppTests.swift */; };
		46F006621DAD6DF800732042 /* LarsiAppUITests.swift in Sources */ = {isa = PBXBuildFile; fileRef = 46F006611DAD6DF800732042 /* LarsiAppUITests.swift */; };
/* End PBXBuildFile section */

/* Begin PBXContainerItemProxy section */
		46F006531DAD6DF800732042 /* PBXContainerItemProxy */ = {
			isa = PBXContainerItemProxy;
			containerPortal = 46F006361DAD6DF800732042 /* Project object */;
			proxyType = 1;
			remoteGlobalIDString = 46F0063D1DAD6DF800732042;
			remoteInfo = LarsiApp;
		};
		46F0065E1DAD6DF800732042 /* PBXContainerItemProxy */ = {
			isa = PBXContainerItemProxy;
			containerPortal = 46F006361DAD6DF800732042 /* Project object */;
			proxyType = 1;
			remoteGlobalIDString = 46F0063D1DAD6DF800732042;
			remoteInfo = LarsiApp;
		};
/* End PBXContainerItemProxy section */

/* Begin PBXFileReference section */
		46F0063E1DAD6DF800732042 /* LarsiApp.app */ = {isa = PBXFileReference; explicitFileType = wrapper.application; includeInIndex = 0; path = LarsiApp.app; sourceTree = BUILT_PRODUCTS_DIR; };
		46F006411DAD6DF800732042 /* AppDelegate.swift */ = {isa = PBXFileReference; lastKnownFileType = sourcecode.swift; path = AppDelegate.swift; sourceTree = "<group>"; };
		46F006431DAD6DF800732042 /* ViewController.swift */ = {isa = PBXFileReference; lastKnownFileType = sourcecode.swift; path = ViewController.swift; sourceTree = "<group>"; };
		46F006461DAD6DF800732042 /* Base */ = {isa = PBXFileReference; lastKnownFileType = file.storyboard; name = Base; path = Base.lproj/Main.storyboard; sourceTree = "<group>"; };
		46F006481DAD6DF800732042 /* Assets.xcassets */ = {isa = PBXFileReference; lastKnownFileType = folder.assetcatalog; path = Assets.xcassets; sourceTree = "<group>"; };
		46F0064B1DAD6DF800732042 /* Base */ = {isa = PBXFileReference; lastKnownFileType = file.storyboard; name = Base; path = Base.lproj/LaunchScreen.storyboard; sourceTree = "<group>"; };
		46F0064D1DAD6DF800732042 /* Info.plist */ = {isa = PBXFileReference; lastKnownFileType = text.plist.xml; path = Info.plist; sourceTree = "<group>"; };
		46F006521DAD6DF800732042 /* LarsiAppTests.xctest */ = {isa = PBXFileReference; explicitFileType = wrapper.cfbundle; includeInIndex = 0; path = LarsiAppTests.xctest; sourceTree = BUILT_PRODUCTS_DIR; };
		46F006561DAD6DF800732042 /* LarsiAppTests.swift */ = {isa = PBXFileReference; lastKnownFileType = sourcecode.swift; path = LarsiAppTests.swift; sourceTree = "<group>"; };
		46F006581DAD6DF800732042 /* Info.plist */ = {isa = PBXFileReference; lastKnownFileType = text.plist.xml; path = Info.plist; sourceTree = "<group>"; };
		46F0065D1DAD6DF800732042 /* LarsiAppUITests.xctest */ = {isa = PBXFileReference; explicitFileType = wrapper.cfbundle; includeInIndex = 0; path = LarsiAppUITests.xctest; sourceTree = BUILT_PRODUCTS_DIR; };
		46F006611DAD6DF800732042 /* LarsiAppUITests.swift */ = {isa = PBXFileReference; lastKnownFileType = sourcecode.swift; path = LarsiAppUITests.swift; sourceTree = "<group>"; };
		46F006631DAD6DF800732042 /* Info.plist */ = {isa = PBXFileReference; lastKnownFileType = text.plist.xml; path = Info.plist; sourceTree = "<group>"; };
/* End PBXFileReference section */

/* Begin PBXFrameworksBuildPhase section */
		46F0063B1DAD6DF800732042 /* Frameworks */ = {
			isa = PBXFrameworksBuildPhase;
			buildActionMask = 2147483647;
			files = (
			);
			runOnlyForDeploymentPostprocessing = 0;
		};
		46F0064F1DAD6DF800732042 /* Frameworks */ = {
			isa = PBXFrameworksBuildPhase;
			buildActionMask = 2147483647;
			files = (
			);
			runOnlyForDeploymentPostprocessing = 0;
		};
		46F0065A1DAD6DF800732042 /* Frameworks */ = {
			isa = PBXFrameworksBuildPhase;
			buildActionMask = 2147483647;
			files = (
			);
			runOnlyForDeploymentPostprocessing = 0;
		};
/* End PBXFrameworksBuildPhase section */

/* Begin PBXGroup section */
		46F006351DAD6DF800732042 = {
			isa = PBXGroup;
			children = (
				46F006401DAD6DF800732042 /* LarsiApp */,
				46F006551DAD6DF800732042 /* LarsiAppTests */,
				46F006601DAD6DF800732042 /* LarsiAppUITests */,
				46F0063F1DAD6DF800732042 /* Products */,
			);
			sourceTree = "<group>";
		};
		46F0063F1DAD6DF800732042 /* Products */ = {
			isa = PBXGroup;
			children = (
				46F0063E1DAD6DF800732042 /* LarsiApp.app */,
				46F006521DAD6DF800732042 /* LarsiAppTests.xctest */,
				46F0065D1DAD6DF800732042 /* LarsiAppUITests.xctest */,
			);
			name = Products;
			sourceTree = "<group>";
		};
		46F006401DAD6DF800732042 /* LarsiApp */ = {
			isa = PBXGroup;
			children = (
				46F006411DAD6DF800732042 /* AppDelegate.swift */,
				46F006431DAD6DF800732042 /* ViewController.swift */,
				46F006451DAD6DF800732042 /* Main.storyboard */,
				46F006481DAD6DF800732042 /* Assets.xcassets */,
				46F0064A1DAD6DF800732042 /* LaunchScreen.storyboard */,
				46F0064D1DAD6DF800732042 /* Info.plist */,
			);
			path = LarsiApp;
			sourceTree = "<group>";
		};
		46F006551DAD6DF800732042 /* LarsiAppTests */ = {
			isa = PBXGroup;
			children = (
				46F006561DAD6DF800732042 /* LarsiAppTests.swift */,
				46F006581DAD6DF800732042 /* Info.plist */,
			);
			path = LarsiAppTests;
			sourceTree = "<group>";
		};
		46F006601DAD6DF800732042 /* LarsiAppUITests */ = {
			isa = PBXGroup;
			children = (
				46F006611DAD6DF800732042 /* LarsiAppUITests.swift */,
				46F006631DAD6DF800732042 /* Info.plist */,
			);
			path = LarsiAppUITests;
			sourceTree = "<group>";
		};
/* End PBXGroup section */

/* Begin PBXNativeTarget section */
		46F0063D1DAD6DF800732042 /* LarsiApp */ = {
			isa = PBXNativeTarget;
			buildConfigurationList = 46F006661DAD6DF800732042 /* Build configuration list for PBXNativeTarget "LarsiApp" */;
			buildPhases = (
				46F0063A1DAD6DF800732042 /* Sources */,
				46F0063B1DAD6DF800732042 /* Frameworks */,
				46F0063C1DAD6DF800732042 /* Resources */,
			);
			buildRules = (
			);
			dependencies = (
			);
			name = LarsiApp;
			productName = LarsiApp;
			productReference = 46F0063E1DAD6DF800732042 /* LarsiApp.app */;
			productType = "com.apple.product-type.application";
		};
		46F006511DAD6DF800732042 /* LarsiAppTests */ = {
			isa = PBXNativeTarget;
			buildConfigurationList = 46F006691DAD6DF800732042 /* Build configuration list for PBXNativeTarget "LarsiAppTests" */;
			buildPhases = (
				46F0064E1DAD6DF800732042 /* Sources */,
				46F0064F1DAD6DF800732042 /* Frameworks */,
				46F006501DAD6DF800732042 /* Resources */,
			);
			buildRules = (
			);
			dependencies = (
				46F006541DAD6DF800732042 /* PBXTargetDependency */,
			);
			name = LarsiAppTests;
			productName = LarsiAppTests;
			productReference = 46F006521DAD6DF800732042 /* LarsiAppTests.xctest */;
			productType = "com.apple.product-type.bundle.unit-test";
		};
		46F0065C1DAD6DF800732042 /* LarsiAppUITests */ = {
			isa = PBXNativeTarget;
			buildConfigurationList = 46F0066C1DAD6DF800732042 /* Build configuration list for PBXNativeTarget "LarsiAppUITests" */;
			buildPhases = (
				46F006591DAD6DF800732042 /* Sources */,
				46F0065A1DAD6DF800732042 /* Frameworks */,
				46F0065B1DAD6DF800732042 /* Resources */,
			);
			buildRules = (
			);
			dependencies = (
				46F0065F1DAD6DF800732042 /* PBXTargetDependency */,
			);
			name = LarsiAppUITests;
			productName = LarsiAppUITests;
			productReference = 46F0065D1DAD6DF800732042 /* LarsiAppUITests.xctest */;
			productType = "com.apple.product-type.bundle.ui-testing";
		};
/* End PBXNativeTarget section */

/* Begin PBXProject section */
		46F006361DAD6DF800732042 /* Project object */ = {
			isa = PBXProject;
			attributes = {
				LastSwiftUpdateCheck = 0800;
				LastUpgradeCheck = 0800;
				ORGANIZATIONNAME = "Lars Eckart";
				TargetAttributes = {
					46F0063D1DAD6DF800732042 = {
						CreatedOnToolsVersion = 8.0;
						ProvisioningStyle = Automatic;
					};
					46F006511DAD6DF800732042 = {
						CreatedOnToolsVersion = 8.0;
						ProvisioningStyle = Automatic;
						TestTargetID = 46F0063D1DAD6DF800732042;
					};
					46F0065C1DAD6DF800732042 = {
						CreatedOnToolsVersion = 8.0;
						ProvisioningStyle = Automatic;
						TestTargetID = 46F0063D1DAD6DF800732042;
					};
				};
			};
			buildConfigurationList = 46F006391DAD6DF800732042 /* Build configuration list for PBXProject "LarsiApp" */;
			compatibilityVersion = "Xcode 3.2";
			developmentRegion = English;
			hasScannedForEncodings = 0;
			knownRegions = (
				en,
				Base,
			);
			mainGroup = 46F006351DAD6DF800732042;
			productRefGroup = 46F0063F1DAD6DF800732042 /* Products */;
			projectDirPath = "";
			projectRoot = "";
			targets = (
				46F0063D1DAD6DF800732042 /* LarsiApp */,
				46F006511DAD6DF800732042 /* LarsiAppTests */,
				46F0065C1DAD6DF800732042 /* LarsiAppUITests */,
			);
		};
/* End PBXProject section */

/* Begin PBXResourcesBuildPhase section */
		46F0063C1DAD6DF800732042 /* Resources */ = {
			isa = PBXResourcesBuildPhase;
			buildActionMask = 2147483647;
			files = (
				46F0064C1DAD6DF800732042 /* LaunchScreen.storyboard in Resources */,
				46F006491DAD6DF800732042 /* Assets.xcassets in Resources */,
				46F006471DAD6DF800732042 /* Main.storyboard in Resources */,
			);
			runOnlyForDeploymentPostprocessing = 0;
		};
		46F006501DAD6DF800732042 /* Resources */ = {
			isa = PBXResourcesBuildPhase;
			buildActionMask = 2147483647;
			files = (
			);
			runOnlyForDeploymentPostprocessing = 0;
		};
		46F0065B1DAD6DF800732042 /* Resources */ = {
			isa = PBXResourcesBuildPhase;
			buildActionMask = 2147483647;
			files = (
			);
			runOnlyForDeploymentPostprocessing = 0;
		};
/* End PBXResourcesBuildPhase section */

/* Begin PBXSourcesBuildPhase section */
		46F0063A1DAD6DF800732042 /* Sources */ = {
			isa = PBXSourcesBuildPhase;
			buildActionMask = 2147483647;
			files = (
				46F006441DAD6DF800732042 /* ViewController.swift in Sources */,
				46F006421DAD6DF800732042 /* AppDelegate.swift in Sources */,
			);
			runOnlyForDeploymentPostprocessing = 0;
		};
		46F0064E1DAD6DF800732042 /* Sources */ = {
			isa = PBXSourcesBuildPhase;
			buildActionMask = 2147483647;
			files = (
				46F006571DAD6DF800732042 /* LarsiAppTests.swift in Sources */,
			);
			runOnlyForDeploymentPostprocessing = 0;
		};
		46F006591DAD6DF800732042 /* Sources */ = {
			isa = PBXSourcesBuildPhase;
			buildActionMask = 2147483647;
			files = (
				46F006621DAD6DF800732042 /* LarsiAppUITests.swift in Sources */,
			);
			runOnlyForDeploymentPostprocessing = 0;
		};
/* End PBXSourcesBuildPhase section */

/* Begin PBXTargetDependency section */
		46F006541DAD6DF800732042 /* PBXTargetDependency */ = {
			isa = PBXTargetDependency;
			target = 46F0063D1DAD6DF800732042 /* LarsiApp */;
			targetProxy = 46F006531DAD6DF800732042 /* PBXContainerItemProxy */;
		};
		46F0065F1DAD6DF800732042 /* PBXTargetDependency */ = {
			isa = PBXTargetDependency;
			target = 46F0063D1DAD6DF800732042 /* LarsiApp */;
			targetProxy = 46F0065E1DAD6DF800732042 /* PBXContainerItemProxy */;
		};
/* End PBXTargetDependency section */

/* Begin PBXVariantGroup section */
		46F006451DAD6DF800732042 /* Main.storyboard */ = {
			isa = PBXVariantGroup;
			children = (
				46F006461DAD6DF800732042 /* Base */,
			);
			name = Main.storyboard;
			sourceTree = "<group>";
		};
		46F0064A1DAD6DF800732042 /* LaunchScreen.storyboard */ = {
			isa = PBXVariantGroup;
			children = (
				46F0064B1DAD6DF800732042 /* Base */,
			);
			name = LaunchScreen.storyboard;
			sourceTree = "<group>";
		};
/* End PBXVariantGroup section */

/* Begin XCBuildConfiguration section */
		46F006641DAD6DF800732042 /* Debug */ = {
			isa = XCBuildConfiguration;
			buildSettings = {
				ALWAYS_SEARCH_USER_PATHS = NO;
				CLANG_ANALYZER_NONNULL = YES;
				CLANG_CXX_LANGUAGE_STANDARD = "gnu++0x";
				CLANG_CXX_LIBRARY = "libc++";
				CLANG_ENABLE_MODULES = YES;
				CLANG_ENABLE_OBJC_ARC = YES;
				CLANG_WARN_BOOL_CONVERSION = YES;
				CLANG_WARN_CONSTANT_CONVERSION = YES;
				CLANG_WARN_DIRECT_OBJC_ISA_USAGE = YES_ERROR;
				CLANG_WARN_DOCUMENTATION_COMMENTS = YES;
				CLANG_WARN_EMPTY_BODY = YES;
				CLANG_WARN_ENUM_CONVERSION = YES;
				CLANG_WARN_INFINITE_RECURSION = YES;
				CLANG_WARN_INT_CONVERSION = YES;
				CLANG_WARN_OBJC_ROOT_CLASS = YES_ERROR;
				CLANG_WARN_SUSPICIOUS_MOVES = YES;
				CLANG_WARN_UNREACHABLE_CODE = YES;
				CLANG_WARN__DUPLICATE_METHOD_MATCH = YES;
				"CODE_SIGN_IDENTITY[sdk=iphoneos*]" = "iPhone Developer";
				COPY_PHASE_STRIP = NO;
				DEBUG_INFORMATION_FORMAT = dwarf;
				ENABLE_STRICT_OBJC_MSGSEND = YES;
				ENABLE_TESTABILITY = YES;
				GCC_C_LANGUAGE_STANDARD = gnu99;
				GCC_DYNAMIC_NO_PIC = NO;
				GCC_NO_COMMON_BLOCKS = YES;
				GCC_OPTIMIZATION_LEVEL = 0;
				GCC_PREPROCESSOR_DEFINITIONS = (
					"DEBUG=1",
					"$(inherited)",
				);
				GCC_WARN_64_TO_32_BIT_CONVERSION = YES;
				GCC_WARN_ABOUT_RETURN_TYPE = YES_ERROR;
				GCC_WARN_UNDECLARED_SELECTOR = YES;
				GCC_WARN_UNINITIALIZED_AUTOS = YES_AGGRESSIVE;
				GCC_WARN_UNUSED_FUNCTION = YES;
				GCC_WARN_UNUSED_VARIABLE = YES;
				IPHONEOS_DEPLOYMENT_TARGET = 10.0;
				MTL_ENABLE_DEBUG_INFO = YES;
				ONLY_ACTIVE_ARCH = YES;
				SDKROOT = iphoneos;
				SWIFT_ACTIVE_COMPILATION_CONDITIONS = DEBUG;
				SWIFT_OPTIMIZATION_LEVEL = "-Onone";
			};
			name = Debug;
		};
		46F006651DAD6DF800732042 /* Release */ = {
			isa = XCBuildConfiguration;
			buildSettings = {
				ALWAYS_SEARCH_USER_PATHS = NO;
				CLANG_ANALYZER_NONNULL = YES;
				CLANG_CXX_LANGUAGE_STANDARD = "gnu++0x";
				CLANG_CXX_LIBRARY = "libc++";
				CLANG_ENABLE_MODULES = YES;
				CLANG_ENABLE_OBJC_ARC = YES;
				CLANG_WARN_BOOL_CONVERSION = YES;
				CLANG_WARN_CONSTANT_CONVERSION = YES;
				CLANG_WARN_DIRECT_OBJC_ISA_USAGE = YES_ERROR;
				CLANG_WARN_DOCUMENTATION_COMMENTS = YES;
				CLANG_WARN_EMPTY_BODY = YES;
				CLANG_WARN_ENUM_CONVERSION = YES;
				CLANG_WARN_INFINITE_RECURSION = YES;
				CLANG_WARN_INT_CONVERSION = YES;
				CLANG_WARN_OBJC_ROOT_CLASS = YES_ERROR;
				CLANG_WARN_SUSPICIOUS_MOVES = YES;
				CLANG_WARN_UNREACHABLE_CODE = YES;
				CLANG_WARN__DUPLICATE_METHOD_MATCH = YES;
				"CODE_SIGN_IDENTITY[sdk=iphoneos*]" = "iPhone Developer";
				COPY_PHASE_STRIP = NO;
				DEBUG_INFORMATION_FORMAT = "dwarf-with-dsym";
				ENABLE_NS_ASSERTIONS = NO;
				ENABLE_STRICT_OBJC_MSGSEND = YES;
				GCC_C_LANGUAGE_STANDARD = gnu99;
				GCC_NO_COMMON_BLOCKS = YES;
				GCC_WARN_64_TO_32_BIT_CONVERSION = YES;
				GCC_WARN_ABOUT_RETURN_TYPE = YES_ERROR;
				GCC_WARN_UNDECLARED_SELECTOR = YES;
				GCC_WARN_UNINITIALIZED_AUTOS = YES_AGGRESSIVE;
				GCC_WARN_UNUSED_FUNCTION = YES;
				GCC_WARN_UNUSED_VARIABLE = YES;
				IPHONEOS_DEPLOYMENT_TARGET = 10.0;
				MTL_ENABLE_DEBUG_INFO = NO;
				SDKROOT = iphoneos;
				SWIFT_OPTIMIZATION_LEVEL = "-Owholemodule";
				VALIDATE_PRODUCT = YES;
			};
			name = Release;
		};
		46F006671DAD6DF800732042 /* Debug */ = {
			isa = XCBuildConfiguration;
			buildSettings = {
				ASSETCATALOG_COMPILER_APPICON_NAME = AppIcon;
				INFOPLIST_FILE = LarsiApp/Info.plist;
				LD_RUNPATH_SEARCH_PATHS = "$(inherited) @executable_path/Frameworks";
				PRODUCT_BUNDLE_IDENTIFIER = ee.larseckart.LarsiApp;
				PRODUCT_NAME = "$(TARGET_NAME)";
				SWIFT_VERSION = 3.0;
			};
			name = Debug;
		};
		46F006681DAD6DF800732042 /* Release */ = {
			isa = XCBuildConfiguration;
			buildSettings = {
				ASSETCATALOG_COMPILER_APPICON_NAME = AppIcon;
				INFOPLIST_FILE = LarsiApp/Info.plist;
				LD_RUNPATH_SEARCH_PATHS = "$(inherited) @executable_path/Frameworks";
				PRODUCT_BUNDLE_IDENTIFIER = ee.larseckart.LarsiApp;
				PRODUCT_NAME = "$(TARGET_NAME)";
				SWIFT_VERSION = 3.0;
			};
			name = Release;
		};
		46F0066A1DAD6DF800732042 /* Debug */ = {
			isa = XCBuildConfiguration;
			buildSettings = {
				ALWAYS_EMBED_SWIFT_STANDARD_LIBRARIES = YES;
				BUNDLE_LOADER = "$(TEST_HOST)";
				INFOPLIST_FILE = LarsiAppTests/Info.plist;
				LD_RUNPATH_SEARCH_PATHS = "$(inherited) @executable_path/Frameworks @loader_path/Frameworks";
				PRODUCT_BUNDLE_IDENTIFIER = ee.larseckart.LarsiAppTests;
				PRODUCT_NAME = "$(TARGET_NAME)";
				SWIFT_VERSION = 3.0;
				TEST_HOST = "$(BUILT_PRODUCTS_DIR)/LarsiApp.app/LarsiApp";
			};
			name = Debug;
		};
		46F0066B1DAD6DF800732042 /* Release */ = {
			isa = XCBuildConfiguration;
			buildSettings = {
				ALWAYS_EMBED_SWIFT_STANDARD_LIBRARIES = YES;
				BUNDLE_LOADER = "$(TEST_HOST)";
				INFOPLIST_FILE = LarsiAppTests/Info.plist;
				LD_RUNPATH_SEARCH_PATHS = "$(inherited) @executable_path/Frameworks @loader_path/Frameworks";
				PRODUCT_BUNDLE_IDENTIFIER = ee.larseckart.LarsiAppTests;
				PRODUCT_NAME = "$(TARGET_NAME)";
				SWIFT_VERSION = 3.0;
				TEST_HOST = "$(BUILT_PRODUCTS_DIR)/LarsiApp.app/LarsiApp";
			};
			name = Release;
		};
		46F0066D1DAD6DF800732042 /* Debug */ = {
			isa = XCBuildConfiguration;
			buildSettings = {
				ALWAYS_EMBED_SWIFT_STANDARD_LIBRARIES = YES;
				INFOPLIST_FILE = LarsiAppUITests/Info.plist;
				LD_RUNPATH_SEARCH_PATHS = "$(inherited) @executable_path/Frameworks @loader_path/Frameworks";
				PRODUCT_BUNDLE_IDENTIFIER = ee.larseckart.LarsiAppUITests;
				PRODUCT_NAME = "$(TARGET_NAME)";
				SWIFT_VERSION = 3.0;
				TEST_TARGET_NAME = LarsiApp;
			};
			name = Debug;
		};
		46F0066E1DAD6DF800732042 /* Release */ = {
			isa = XCBuildConfiguration;
			buildSettings = {
				ALWAYS_EMBED_SWIFT_STANDARD_LIBRARIES = YES;
				INFOPLIST_FILE = LarsiAppUITests/Info.plist;
				LD_RUNPATH_SEARCH_PATHS = "$(inherited) @executable_path/Frameworks @loader_path/Frameworks";
				PRODUCT_BUNDLE_IDENTIFIER = ee.larseckart.LarsiAppUITests;
				PRODUCT_NAME = "$(TARGET_NAME)";
				SWIFT_VERSION = 3.0;
				TEST_TARGET_NAME = LarsiApp;
			};
			name = Release;
		};
/* End XCBuildConfiguration section */

/* Begin XCConfigurationList section */
		46F006391DAD6DF800732042 /* Build configuration list for PBXProject "LarsiApp" */ = {
			isa = XCConfigurationList;
			buildConfigurations = (
				46F006641DAD6DF800732042 /* Debug */,
				46F006651DAD6DF800732042 /* Release */,
			);
			defaultConfigurationIsVisible = 0;
			defaultConfigurationName = Release;
		};
		46F006661DAD6DF800732042 /* Build configuration list for PBXNativeTarget "LarsiApp" */ = {
			isa = XCConfigurationList;
			buildConfigurations = (
				46F006671DAD6DF800732042 /* Debug */,
				46F006681DAD6DF800732042 /* Release */,
			);
			defaultConfigurationIsVisible = 0;
		};
		46F006691DAD6DF800732042 /* Build configuration list for PBXNativeTarget "LarsiAppTests" */ = {
			isa = XCConfigurationList;
			buildConfigurations = (
				46F0066A1DAD6DF800732042 /* Debug */,
				46F0066B1DAD6DF800732042 /* Release */,
			);
			defaultConfigurationIsVisible = 0;
		};
		46F0066C1DAD6DF800732042 /* Build configuration list for PBXNativeTarget "LarsiAppUITests" */ = {
			isa = XCConfigurationList;
			buildConfigurations = (
				46F0066D1DAD6DF800732042 /* Debug */,
				46F0066E1DAD6DF800732042 /* Release */,
			);
			defaultConfigurationIsVisible = 0;
		};
/* End XCConfigurationList section */
	};
	rootObject = 46F006361DAD6DF800732042 /* Project object */;
}
